
Microsoft Visual Studio Solution File, Format Version 12.00
# Visual Studio Version 17
VisualStudioVersion = 17.11.35312.102
MinimumVisualStudioVersion = 10.0.40219.1
Project("{FAE04EC0-301F-11D3-BF4B-00C04F79EFBC}") = "DinoBank.API", "DinoBank.API\DinoBank.API.csproj", "{30E0B6F5-8661-4030-9E82-8DDA6613EB6F}"
EndProject
Project("{FAE04EC0-301F-11D3-BF4B-00C04F79EFBC}") = "DinoBank.Domain", "DinoBank.Domain\DinoBank.Domain.csproj", "{55130CE9-2A0A-490A-BF08-B1A3000C7A90}"
EndProject
Project("{FAE04EC0-301F-11D3-BF4B-00C04F79EFBC}") = "DinoBank.Persistence", "DinoBank.Persistence\DinoBank.Persistence.csproj", "{5E204B30-99DB-40F7-91A9-E45E5C61FB0C}"
EndProject
Global
	GlobalSection(SolutionConfigurationPlatforms) = preSolution
		Debug|Any CPU = Debug|Any CPU
		Release|Any CPU = Release|Any CPU
	EndGlobalSection
	GlobalSection(ProjectConfigurationPlatforms) = postSolution
		{30E0B6F5-8661-4030-9E82-8DDA6613EB6F}.Debug|Any CPU.ActiveCfg = Debug|Any CPU
		{30E0B6F5-8661-4030-9E82-8DDA6613EB6F}.Debug|Any CPU.Build.0 = Debug|Any CPU
		{30E0B6F5-8661-4030-9E82-8DDA6613EB6F}.Release|Any CPU.ActiveCfg = Release|Any CPU
		{30E0B6F5-8661-4030-9E82-8DDA6613EB6F}.Release|Any CPU.Build.0 = Release|Any CPU
		{55130CE9-2A0A-490A-BF08-B1A3000C7A90}.Debug|Any CPU.ActiveCfg = Debug|Any CPU
		{55130CE9-2A0A-490A-BF08-B1A3000C7A90}.Debug|Any CPU.Build.0 = Debug|Any CPU
		{55130CE9-2A0A-490A-BF08-B1A3000C7A90}.Release|Any CPU.ActiveCfg = Release|Any CPU
		{55130CE9-2A0A-490A-BF08-B1A3000C7A90}.Release|Any CPU.Build.0 = Release|Any CPU
		{5E204B30-99DB-40F7-91A9-E45E5C61FB0C}.Debug|Any CPU.ActiveCfg = Debug|Any CPU
		{5E204B30-99DB-40F7-91A9-E45E5C61FB0C}.Debug|Any CPU.Build.0 = Debug|Any CPU
		{5E204B30-99DB-40F7-91A9-E45E5C61FB0C}.Release|Any CPU.ActiveCfg = Release|Any CPU
		{5E204B30-99DB-40F7-91A9-E45E5C61FB0C}.Release|Any CPU.Build.0 = Release|Any CPU
	EndGlobalSection
	GlobalSection(SolutionProperties) = preSolution
		HideSolutionNode = FALSE
	EndGlobalSection
	GlobalSection(ExtensibilityGlobals) = postSolution
		SolutionGuid = {C39F05F5-8064-411D-BEA5-75DC77421C98}
	EndGlobalSection
EndGlobal
